// !$*UTF8*$!
{
	archiveVersion = 1;
	classes = {
	};
	objectVersion = 50;
	objects = {

/* Begin PBXBuildFile section */
		5AEE86B5248658C6006A3B65 /* AppDelegate.m in Sources */ = {isa = PBXBuildFile; fileRef = 5AEE86B4248658C6006A3B65 /* AppDelegate.m */; };
		5AEE86BB248658C6006A3B65 /* ViewController.m in Sources */ = {isa = PBXBuildFile; fileRef = 5AEE86BA248658C6006A3B65 /* ViewController.m */; };
		5AEE86BE248658C6006A3B65 /* Main.storyboard in Resources */ = {isa = PBXBuildFile; fileRef = 5AEE86BC248658C6006A3B65 /* Main.storyboard */; };
		5AEE86C0248658C7006A3B65 /* Assets.xcassets in Resources */ = {isa = PBXBuildFile; fileRef = 5AEE86BF248658C7006A3B65 /* Assets.xcassets */; };
		5AEE86C3248658C7006A3B65 /* LaunchScreen.storyboard in Resources */ = {isa = PBXBuildFile; fileRef = 5AEE86C1248658C7006A3B65 /* LaunchScreen.storyboard */; };
		5AEE86C6248658C7006A3B65 /* main.m in Sources */ = {isa = PBXBuildFile; fileRef = 5AEE86C5248658C7006A3B65 /* main.m */; };
		5AEE86CF248664F9006A3B65 /* Person.m in Sources */ = {isa = PBXBuildFile; fileRef = 5AEE86CE248664F9006A3B65 /* Person.m */; };
		5AEE86D2248670AB006A3B65 /* HttpManager.m in Sources */ = {isa = PBXBuildFile; fileRef = 5AEE86D1248670AB006A3B65 /* HttpManager.m */; };
/* End PBXBuildFile section */

/* Begin PBXFileReference section */
		5AEE86B0248658C6006A3B65 /* 2Objective-c.app */ = {isa = PBXFileReference; explicitFileType = wrapper.application; includeInIndex = 0; path = "2Objective-c.app"; sourceTree = BUILT_PRODUCTS_DIR; };
		5AEE86B3248658C6006A3B65 /* AppDelegate.h */ = {isa = PBXFileReference; lastKnownFileType = sourcecode.c.h; path = AppDelegate.h; sourceTree = "<group>"; };
		5AEE86B4248658C6006A3B65 /* AppDelegate.m */ = {isa = PBXFileReference; lastKnownFileType = sourcecode.c.objc; path = AppDelegate.m; sourceTree = "<group>"; };
		5AEE86B9248658C6006A3B65 /* ViewController.h */ = {isa = PBXFileReference; lastKnownFileType = sourcecode.c.h; path = ViewController.h; sourceTree = "<group>"; };
		5AEE86BA248658C6006A3B65 /* ViewController.m */ = {isa = PBXFileReference; lastKnownFileType = sourcecode.c.objc; path = ViewController.m; sourceTree = "<group>"; };
		5AEE86BD248658C6006A3B65 /* Base */ = {isa = PBXFileReference; lastKnownFileType = file.storyboard; name = Base; path = Base.lproj/Main.storyboard; sourceTree = "<group>"; };
		5AEE86BF248658C7006A3B65 /* Assets.xcassets */ = {isa = PBXFileReference; lastKnownFileType = folder.assetcatalog; path = Assets.xcassets; sourceTree = "<group>"; };
		5AEE86C2248658C7006A3B65 /* Base */ = {isa = PBXFileReference; lastKnownFileType = file.storyboard; name = Base; path = Base.lproj/LaunchScreen.storyboard; sourceTree = "<group>"; };
		5AEE86C4248658C7006A3B65 /* Info.plist */ = {isa = PBXFileReference; lastKnownFileType = text.plist.xml; path = Info.plist; sourceTree = "<group>"; };
		5AEE86C5248658C7006A3B65 /* main.m */ = {isa = PBXFileReference; lastKnownFileType = sourcecode.c.objc; path = main.m; sourceTree = "<group>"; };
		5AEE86CD248664F9006A3B65 /* Person.h */ = {isa = PBXFileReference; lastKnownFileType = sourcecode.c.h; path = Person.h; sourceTree = "<group>"; };
		5AEE86CE248664F9006A3B65 /* Person.m */ = {isa = PBXFileReference; lastKnownFileType = sourcecode.c.objc; path = Person.m; sourceTree = "<group>"; };
		5AEE86D0248670AB006A3B65 /* HttpManager.h */ = {isa = PBXFileReference; lastKnownFileType = sourcecode.c.h; path = HttpManager.h; sourceTree = "<group>"; };
		5AEE86D1248670AB006A3B65 /* HttpManager.m */ = {isa = PBXFileReference; lastKnownFileType = sourcecode.c.objc; path = HttpManager.m; sourceTree = "<group>"; };
/* End PBXFileReference section */

/* Begin PBXFrameworksBuildPhase section */
		5AEE86AD248658C6006A3B65 /* Frameworks */ = {
			isa = PBXFrameworksBuildPhase;
			buildActionMask = 2147483647;
			files = (
			);
			runOnlyForDeploymentPostprocessing = 0;
		};
/* End PBXFrameworksBuildPhase section */

/* Begin PBXGroup section */
		5AEE86A7248658C6006A3B65 = {
			isa = PBXGroup;
			children = (
				5AEE86B2248658C6006A3B65 /* 2Objective-c */,
				5AEE86B1248658C6006A3B65 /* Products */,
			);
			sourceTree = "<group>";
		};
		5AEE86B1248658C6006A3B65 /* Products */ = {
			isa = PBXGroup;
			children = (
				5AEE86B0248658C6006A3B65 /* 2Objective-c.app */,
			);
			name = Products;
			sourceTree = "<group>";
		};
		5AEE86B2248658C6006A3B65 /* 2Objective-c */ = {
			isa = PBXGroup;
			children = (
				5AEE86CC248664E9006A3B65 /* Model */,
				5AEE86B3248658C6006A3B65 /* AppDelegate.h */,
				5AEE86B4248658C6006A3B65 /* AppDelegate.m */,
				5AEE86B9248658C6006A3B65 /* ViewController.h */,
				5AEE86BA248658C6006A3B65 /* ViewController.m */,
				5AEE86BC248658C6006A3B65 /* Main.storyboard */,
				5AEE86BF248658C7006A3B65 /* Assets.xcassets */,
				5AEE86C1248658C7006A3B65 /* LaunchScreen.storyboard */,
				5AEE86C4248658C7006A3B65 /* Info.plist */,
				5AEE86C5248658C7006A3B65 /* main.m */,
				5AEE86D0248670AB006A3B65 /* HttpManager.h */,
				5AEE86D1248670AB006A3B65 /* HttpManager.m */,
			);
			path = "2Objective-c";
			sourceTree = "<group>";
		};
		5AEE86CC248664E9006A3B65 /* Model */ = {
			isa = PBXGroup;
			children = (
				5AEE86CD248664F9006A3B65 /* Person.h */,
				5AEE86CE248664F9006A3B65 /* Person.m */,
			);
			path = Model;
			sourceTree = "<group>";
		};
/* End PBXGroup section */

/* Begin PBXNativeTarget section */
		5AEE86AF248658C6006A3B65 /* 2Objective-c */ = {
			isa = PBXNativeTarget;
			buildConfigurationList = 5AEE86C9248658C7006A3B65 /* Build configuration list for PBXNativeTarget "2Objective-c" */;
			buildPhases = (
				5AEE86AC248658C6006A3B65 /* Sources */,
				5AEE86AD248658C6006A3B65 /* Frameworks */,
				5AEE86AE248658C6006A3B65 /* Resources */,
			);
			buildRules = (
			);
			dependencies = (
			);
			name = "2Objective-c";
			productName = "2Objective-c";
			productReference = 5AEE86B0248658C6006A3B65 /* 2Objective-c.app */;
			productType = "com.apple.product-type.application";
		};
/* End PBXNativeTarget section */

/* Begin PBXProject section */
		5AEE86A8248658C6006A3B65 /* Project object */ = {
			isa = PBXProject;
			attributes = {
				LastUpgradeCheck = 1120;
				ORGANIZATIONNAME = mg;
				TargetAttributes = {
					5AEE86AF248658C6006A3B65 = {
						CreatedOnToolsVersion = 11.2.1;
					};
				};
			};
			buildConfigurationList = 5AEE86AB248658C6006A3B65 /* Build configuration list for PBXProject "2Objective-c" */;
			compatibilityVersion = "Xcode 9.3";
			developmentRegion = en;
			hasScannedForEncodings = 0;
			knownRegions = (
				en,
				Base,
			);
			mainGroup = 5AEE86A7248658C6006A3B65;
			productRefGroup = 5AEE86B1248658C6006A3B65 /* Products */;
			projectDirPath = "";
			projectRoot = "";
			targets = (
				5AEE86AF248658C6006A3B65 /* 2Objective-c */,
			);
		};
/* End PBXProject section */

/* Begin PBXResourcesBuildPhase section */
		5AEE86AE248658C6006A3B65 /* Resources */ = {
			isa = PBXResourcesBuildPhase;
			buildActionMask = 2147483647;
			files = (
				5AEE86C3248658C7006A3B65 /* LaunchScreen.storyboard in Resources */,
				5AEE86C0248658C7006A3B65 /* Assets.xcassets in Resources */,
				5AEE86BE248658C6006A3B65 /* Main.storyboard in Resources */,
			);
			runOnlyForDeploymentPostprocessing = 0;
		};
/* End PBXResourcesBuildPhase section */

/* Begin PBXSourcesBuildPhase section */
		5AEE86AC248658C6006A3B65 /* Sources */ = {
			isa = PBXSourcesBuildPhase;
			buildActionMask = 2147483647;
			files = (
				5AEE86D2248670AB006A3B65 /* HttpManager.m in Sources */,
				5AEE86BB248658C6006A3B65 /* ViewController.m in Sources */,
				5AEE86B5248658C6006A3B65 /* AppDelegate.m in Sources */,
				5AEE86CF248664F9006A3B65 /* Person.m in Sources */,
				5AEE86C6248658C7006A3B65 /* main.m in Sources */,
			);
			runOnlyForDeploymentPostprocessing = 0;
		};
/* End PBXSourcesBuildPhase section */

/* Begin PBXVariantGroup section */
		5AEE86BC248658C6006A3B65 /* Main.storyboard */ = {
			isa = PBXVariantGroup;
			children = (
				5AEE86BD248658C6006A3B65 /* Base */,
			);
			name = Main.storyboard;
			sourceTree = "<group>";
		};
		5AEE86C1248658C7006A3B65 /* LaunchScreen.storyboard */ = {
			isa = PBXVariantGroup;
			children = (
				5AEE86C2248658C7006A3B65 /* Base */,
			);
			name = LaunchScreen.storyboard;
			sourceTree = "<group>";
		};
/* End PBXVariantGroup section */

/* Begin XCBuildConfiguration section */
		5AEE86C7248658C7006A3B65 /* Debug */ = {
			isa = XCBuildConfiguration;
			buildSettings = {
				ALWAYS_SEARCH_USER_PATHS = NO;
				CLANG_ANALYZER_NONNULL = YES;
				CLANG_ANALYZER_NUMBER_OBJECT_CONVERSION = YES_AGGRESSIVE;
				CLANG_CXX_LANGUAGE_STANDARD = "gnu++14";
				CLANG_CXX_LIBRARY = "libc++";
				CLANG_ENABLE_MODULES = YES;
				CLANG_ENABLE_OBJC_ARC = YES;
				CLANG_ENABLE_OBJC_WEAK = YES;
				CLANG_WARN_BLOCK_CAPTURE_AUTORELEASING = YES;
				CLANG_WARN_BOOL_CONVERSION = YES;
				CLANG_WARN_COMMA = YES;
				CLANG_WARN_CONSTANT_CONVERSION = YES;
				CLANG_WARN_DEPRECATED_OBJC_IMPLEMENTATIONS = YES;
				CLANG_WARN_DIRECT_OBJC_ISA_USAGE = YES_ERROR;
				CLANG_WARN_DOCUMENTATION_COMMENTS = YES;
				CLANG_WARN_EMPTY_BODY = YES;
				CLANG_WARN_ENUM_CONVERSION = YES;
				CLANG_WARN_INFINITE_RECURSION = YES;
				CLANG_WARN_INT_CONVERSION = YES;
				CLANG_WARN_NON_LITERAL_NULL_CONVERSION = YES;
				CLANG_WARN_OBJC_IMPLICIT_RETAIN_SELF = YES;
				CLANG_WARN_OBJC_LITERAL_CONVERSION = YES;
				CLANG_WARN_OBJC_ROOT_CLASS = YES_ERROR;
				CLANG_WARN_RANGE_LOOP_ANALYSIS = YES;
				CLANG_WARN_STRICT_PROTOTYPES = YES;
				CLANG_WARN_SUSPICIOUS_MOVE = YES;
				CLANG_WARN_UNGUARDED_AVAILABILITY = YES_AGGRESSIVE;
				CLANG_WARN_UNREACHABLE_CODE = YES;
				CLANG_WARN__DUPLICATE_METHOD_MATCH = YES;
				COPY_PHASE_STRIP = NO;
				DEBUG_INFORMATION_FORMAT = dwarf;
				ENABLE_STRICT_OBJC_MSGSEND = YES;
				ENABLE_TESTABILITY = YES;
				GCC_C_LANGUAGE_STANDARD = gnu11;
				GCC_DYNAMIC_NO_PIC = NO;
				GCC_NO_COMMON_BLOCKS = YES;
				GCC_OPTIMIZATION_LEVEL = 0;
				GCC_PREPROCESSOR_DEFINITIONS = (
					"DEBUG=1",
					"$(inherited)",
				);
				GCC_WARN_64_TO_32_BIT_CONVERSION = YES;
				GCC_WARN_ABOUT_RETURN_TYPE = YES_ERROR;
				GCC_WARN_UNDECLARED_SELECTOR = YES;
				GCC_WARN_UNINITIALIZED_AUTOS = YES_AGGRESSIVE;
				GCC_WARN_UNUSED_FUNCTION = YES;
				GCC_WARN_UNUSED_VARIABLE = YES;
				IPHONEOS_DEPLOYMENT_TARGET = 13.2;
				MTL_ENABLE_DEBUG_INFO = INCLUDE_SOURCE;
				MTL_FAST_MATH = YES;
				ONLY_ACTIVE_ARCH = YES;
				SDKROOT = iphoneos;
			};
			name = Debug;
		};
		5AEE86C8248658C7006A3B65 /* Release */ = {
			isa = XCBuildConfiguration;
			buildSettings = {
				ALWAYS_SEARCH_USER_PATHS = NO;
				CLANG_ANALYZER_NONNULL = YES;
				CLANG_ANALYZER_NUMBER_OBJECT_CONVERSION = YES_AGGRESSIVE;
				CLANG_CXX_LANGUAGE_STANDARD = "gnu++14";
				CLANG_CXX_LIBRARY = "libc++";
				CLANG_ENABLE_MODULES = YES;
				CLANG_ENABLE_OBJC_ARC = YES;
				CLANG_ENABLE_OBJC_WEAK = YES;
				CLANG_WARN_BLOCK_CAPTURE_AUTORELEASING = YES;
				CLANG_WARN_BOOL_CONVERSION = YES;
				CLANG_WARN_COMMA = YES;
				CLANG_WARN_CONSTANT_CONVERSION = YES;
				CLANG_WARN_DEPRECATED_OBJC_IMPLEMENTATIONS = YES;
				CLANG_WARN_DIRECT_OBJC_ISA_USAGE = YES_ERROR;
				CLANG_WARN_DOCUMENTATION_COMMENTS = YES;
				CLANG_WARN_EMPTY_BODY = YES;
				CLANG_WARN_ENUM_CONVERSION = YES;
				CLANG_WARN_INFINITE_RECURSION = YES;
				CLANG_WARN_INT_CONVERSION = YES;
				CLANG_WARN_NON_LITERAL_NULL_CONVERSION = YES;
				CLANG_WARN_OBJC_IMPLICIT_RETAIN_SELF = YES;
				CLANG_WARN_OBJC_LITERAL_CONVERSION = YES;
				CLANG_WARN_OBJC_ROOT_CLASS = YES_ERROR;
				CLANG_WARN_RANGE_LOOP_ANALYSIS = YES;
				CLANG_WARN_STRICT_PROTOTYPES = YES;
				CLANG_WARN_SUSPICIOUS_MOVE = YES;
				CLANG_WARN_UNGUARDED_AVAILABILITY = YES_AGGRESSIVE;
				CLANG_WARN_UNREACHABLE_CODE = YES;
				CLANG_WARN__DUPLICATE_METHOD_MATCH = YES;
				COPY_PHASE_STRIP = NO;
				DEBUG_INFORMATION_FORMAT = "dwarf-with-dsym";
				ENABLE_NS_ASSERTIONS = NO;
				ENABLE_STRICT_OBJC_MSGSEND = YES;
				GCC_C_LANGUAGE_STANDARD = gnu11;
				GCC_NO_COMMON_BLOCKS = YES;
				GCC_WARN_64_TO_32_BIT_CONVERSION = YES;
				GCC_WARN_ABOUT_RETURN_TYPE = YES_ERROR;
				GCC_WARN_UNDECLARED_SELECTOR = YES;
				GCC_WARN_UNINITIALIZED_AUTOS = YES_AGGRESSIVE;
				GCC_WARN_UNUSED_FUNCTION = YES;
				GCC_WARN_UNUSED_VARIABLE = YES;
				IPHONEOS_DEPLOYMENT_TARGET = 13.2;
				MTL_ENABLE_DEBUG_INFO = NO;
				MTL_FAST_MATH = YES;
				SDKROOT = iphoneos;
				VALIDATE_PRODUCT = YES;
			};
			name = Release;
		};
		5AEE86CA248658C7006A3B65 /* Debug */ = {
			isa = XCBuildConfiguration;
			buildSettings = {
				ASSETCATALOG_COMPILER_APPICON_NAME = AppIcon;
				CODE_SIGN_STYLE = Automatic;
				DEVELOPMENT_TEAM = BHV5UM2RRF;
				INFOPLIST_FILE = "2Objective-c/Info.plist";
				LD_RUNPATH_SEARCH_PATHS = (
					"$(inherited)",
					"@executable_path/Frameworks",
				);
				PRODUCT_BUNDLE_IDENTIFIER = "com.migu.lesson1.-Objective-c";
				PRODUCT_NAME = "$(TARGET_NAME)";
				TARGETED_DEVICE_FAMILY = "1,2";
			};
			name = Debug;
		};
		5AEE86CB248658C7006A3B65 /* Release */ = {
			isa = XCBuildConfiguration;
			buildSettings = {
				ASSETCATALOG_COMPILER_APPICON_NAME = AppIcon;
				CODE_SIGN_STYLE = Automatic;
				DEVELOPMENT_TEAM = BHV5UM2RRF;
				INFOPLIST_FILE = "2Objective-c/Info.plist";
				LD_RUNPATH_SEARCH_PATHS = (
					"$(inherited)",
					"@executable_path/Frameworks",
				);
				PRODUCT_BUNDLE_IDENTIFIER = "com.migu.lesson1.-Objective-c";
				PRODUCT_NAME = "$(TARGET_NAME)";
				TARGETED_DEVICE_FAMILY = "1,2";
			};
			name = Release;
		};
/* End XCBuildConfiguration section */

/* Begin XCConfigurationList section */
		5AEE86AB248658C6006A3B65 /* Build configuration list for PBXProject "2Objective-c" */ = {
			isa = XCConfigurationList;
			buildConfigurations = (
				5AEE86C7248658C7006A3B65 /* Debug */,
				5AEE86C8248658C7006A3B65 /* Release */,
			);
			defaultConfigurationIsVisible = 0;
			defaultConfigurationName = Release;
		};
		5AEE86C9248658C7006A3B65 /* Build configuration list for PBXNativeTarget "2Objective-c" */ = {
			isa = XCConfigurationList;
			buildConfigurations = (
				5AEE86CA248658C7006A3B65 /* Debug */,
				5AEE86CB248658C7006A3B65 /* Release */,
			);
			defaultConfigurationIsVisible = 0;
			defaultConfigurationName = Release;
		};
/* End XCConfigurationList section */
	};
	rootObject = 5AEE86A8248658C6006A3B65 /* Project object */;
}
